
Microsoft Visual Studio Solution File, Format Version 12.00
# Visual Studio 15
VisualStudioVersion = 15.0.28307.572
MinimumVisualStudioVersion = 10.0.40219.1
Project("{FAE04EC0-301F-11D3-BF4B-00C04F79EFBC}") = "SimpleStepWriter", "SimpleStepWriter\SimpleStepWriter.csproj", "{C0709A97-87AF-48DF-B405-369528F24A5B}"
EndProject
Project("{FAE04EC0-301F-11D3-BF4B-00C04F79EFBC}") = "SimpleStepWriterCLI", "SimpleStepWriterCLI\SimpleStepWriterCLI.csproj", "{2F1675EB-3341-41BB-8170-895FCEB7AFA9}"
EndProject
Global
	GlobalSection(SolutionConfigurationPlatforms) = preSolution
		Debug|Any CPU = Debug|Any CPU
		Release|Any CPU = Release|Any CPU
	EndGlobalSection
	GlobalSection(ProjectConfigurationPlatforms) = postSolution
		{C0709A97-87AF-48DF-B405-369528F24A5B}.Debug|Any CPU.ActiveCfg = Debug|Any CPU
		{C0709A97-87AF-48DF-B405-369528F24A5B}.Debug|Any CPU.Build.0 = Debug|Any CPU
		{C0709A97-87AF-48DF-B405-369528F24A5B}.Release|Any CPU.ActiveCfg = Release|Any CPU
		{C0709A97-87AF-48DF-B405-369528F24A5B}.Release|Any CPU.Build.0 = Release|Any CPU
		{2F1675EB-3341-41BB-8170-895FCEB7AFA9}.Debug|Any CPU.ActiveCfg = Debug|Any CPU
		{2F1675EB-3341-41BB-8170-895FCEB7AFA9}.Debug|Any CPU.Build.0 = Debug|Any CPU
		{2F1675EB-3341-41BB-8170-895FCEB7AFA9}.Release|Any CPU.ActiveCfg = Release|Any CPU
		{2F1675EB-3341-41BB-8170-895FCEB7AFA9}.Release|Any CPU.Build.0 = Release|Any CPU
	EndGlobalSection
	GlobalSection(SolutionProperties) = preSolution
		HideSolutionNode = FALSE
	EndGlobalSection
	GlobalSection(ExtensibilityGlobals) = postSolution
		SolutionGuid = {6071BC4A-CA0D-4E24-A058-C754AAE8085C}
	EndGlobalSection
EndGlobal
